// !$*UTF8*$!
{
	archiveVersion = 1;
	classes = {
	};
	objectVersion = 77;
	objects = {

/* Begin PBXBuildFile section */
		13255F462E380A6300ED0E45 /* RxCocoa in Frameworks */ = {isa = PBXBuildFile; productRef = 13255F452E380A6300ED0E45 /* RxCocoa */; };
		13255F482E380A6300ED0E45 /* RxSwift in Frameworks */ = {isa = PBXBuildFile; productRef = 13255F472E380A6300ED0E45 /* RxSwift */; };
		13255F4B2E380A7000ED0E45 /* SnapKit in Frameworks */ = {isa = PBXBuildFile; productRef = 13255F4A2E380A7000ED0E45 /* SnapKit */; };
/* End PBXBuildFile section */

/* Begin PBXContainerItemProxy section */
		13EF74792E37FA250096549E /* PBXContainerItemProxy */ = {
			isa = PBXContainerItemProxy;
			containerPortal = 13EF74572E37FA210096549E /* Project object */;
			proxyType = 1;
			remoteGlobalIDString = 13EF745E2E37FA210096549E;
			remoteInfo = MeliProject;
		};
		13EF74832E37FA250096549E /* PBXContainerItemProxy */ = {
			isa = PBXContainerItemProxy;
			containerPortal = 13EF74572E37FA210096549E /* Project object */;
			proxyType = 1;
			remoteGlobalIDString = 13EF745E2E37FA210096549E;
			remoteInfo = MeliProject;
		};
/* End PBXContainerItemProxy section */

/* Begin PBXFileReference section */
		13EF745F2E37FA210096549E /* MeliProject.app */ = {isa = PBXFileReference; explicitFileType = wrapper.application; includeInIndex = 0; path = MeliProject.app; sourceTree = BUILT_PRODUCTS_DIR; };
		13EF74782E37FA250096549E /* MeliProjectTests.xctest */ = {isa = PBXFileReference; explicitFileType = wrapper.cfbundle; includeInIndex = 0; path = MeliProjectTests.xctest; sourceTree = BUILT_PRODUCTS_DIR; };
		13EF74822E37FA250096549E /* MeliProjectUITests.xctest */ = {isa = PBXFileReference; explicitFileType = wrapper.cfbundle; includeInIndex = 0; path = MeliProjectUITests.xctest; sourceTree = BUILT_PRODUCTS_DIR; };
/* End PBXFileReference section */

/* Begin PBXFileSystemSynchronizedBuildFileExceptionSet section */
		13EF748A2E37FA250096549E /* Exceptions for "MeliProject" folder in "MeliProject" target */ = {
			isa = PBXFileSystemSynchronizedBuildFileExceptionSet;
			membershipExceptions = (
				Info.plist,
			);
			target = 13EF745E2E37FA210096549E /* MeliProject */;
		};
/* End PBXFileSystemSynchronizedBuildFileExceptionSet section */

/* Begin PBXFileSystemSynchronizedRootGroup section */
		13EF74612E37FA210096549E /* MeliProject */ = {
			isa = PBXFileSystemSynchronizedRootGroup;
			exceptions = (
				13EF748A2E37FA250096549E /* Exceptions for "MeliProject" folder in "MeliProject" target */,
			);
			path = MeliProject;
			sourceTree = "<group>";
		};
		13EF747B2E37FA250096549E /* MeliProjectTests */ = {
			isa = PBXFileSystemSynchronizedRootGroup;
			path = MeliProjectTests;
			sourceTree = "<group>";
		};
		13EF74852E37FA250096549E /* MeliProjectUITests */ = {
			isa = PBXFileSystemSynchronizedRootGroup;
			path = MeliProjectUITests;
			sourceTree = "<group>";
		};
/* End PBXFileSystemSynchronizedRootGroup section */

/* Begin PBXFrameworksBuildPhase section */
		13EF745C2E37FA210096549E /* Frameworks */ = {
			isa = PBXFrameworksBuildPhase;
			buildActionMask = 2147483647;
			files = (
				13255F4B2E380A7000ED0E45 /* SnapKit in Frameworks */,
				13255F482E380A6300ED0E45 /* RxSwift in Frameworks */,
				13255F462E380A6300ED0E45 /* RxCocoa in Frameworks */,
			);
			runOnlyForDeploymentPostprocessing = 0;
		};
		13EF74752E37FA250096549E /* Frameworks */ = {
			isa = PBXFrameworksBuildPhase;
			buildActionMask = 2147483647;
			files = (
			);
			runOnlyForDeploymentPostprocessing = 0;
		};
		13EF747F2E37FA250096549E /* Frameworks */ = {
			isa = PBXFrameworksBuildPhase;
			buildActionMask = 2147483647;
			files = (
			);
			runOnlyForDeploymentPostprocessing = 0;
		};
/* End PBXFrameworksBuildPhase section */

/* Begin PBXGroup section */
		13EF74562E37FA210096549E = {
			isa = PBXGroup;
			children = (
				13EF74612E37FA210096549E /* MeliProject */,
				13EF747B2E37FA250096549E /* MeliProjectTests */,
				13EF74852E37FA250096549E /* MeliProjectUITests */,
				13EF74602E37FA210096549E /* Products */,
			);
			sourceTree = "<group>";
		};
		13EF74602E37FA210096549E /* Products */ = {
			isa = PBXGroup;
			children = (
				13EF745F2E37FA210096549E /* MeliProject.app */,
				13EF74782E37FA250096549E /* MeliProjectTests.xctest */,
				13EF74822E37FA250096549E /* MeliProjectUITests.xctest */,
			);
			name = Products;
			sourceTree = "<group>";
		};
/* End PBXGroup section */

/* Begin PBXNativeTarget section */
		13EF745E2E37FA210096549E /* MeliProject */ = {
			isa = PBXNativeTarget;
			buildConfigurationList = 13EF748B2E37FA250096549E /* Build configuration list for PBXNativeTarget "MeliProject" */;
			buildPhases = (
				13EF745B2E37FA210096549E /* Sources */,
				13EF745C2E37FA210096549E /* Frameworks */,
				13EF745D2E37FA210096549E /* Resources */,
			);
			buildRules = (
			);
			dependencies = (
			);
			fileSystemSynchronizedGroups = (
				13EF74612E37FA210096549E /* MeliProject */,
			);
			name = MeliProject;
			packageProductDependencies = (
				13255F452E380A6300ED0E45 /* RxCocoa */,
				13255F472E380A6300ED0E45 /* RxSwift */,
				13255F4A2E380A7000ED0E45 /* SnapKit */,
			);
			productName = MeliProject;
			productReference = 13EF745F2E37FA210096549E /* MeliProject.app */;
			productType = "com.apple.product-type.application";
		};
		13EF74772E37FA250096549E /* MeliProjectTests */ = {
			isa = PBXNativeTarget;
			buildConfigurationList = 13EF74902E37FA250096549E /* Build configuration list for PBXNativeTarget "MeliProjectTests" */;
			buildPhases = (
				13EF74742E37FA250096549E /* Sources */,
				13EF74752E37FA250096549E /* Frameworks */,
				13EF74762E37FA250096549E /* Resources */,
			);
			buildRules = (
			);
			dependencies = (
				13EF747A2E37FA250096549E /* PBXTargetDependency */,
			);
			fileSystemSynchronizedGroups = (
				13EF747B2E37FA250096549E /* MeliProjectTests */,
			);
			name = MeliProjectTests;
			packageProductDependencies = (
			);
			productName = MeliProjectTests;
			productReference = 13EF74782E37FA250096549E /* MeliProjectTests.xctest */;
			productType = "com.apple.product-type.bundle.unit-test";
		};
		13EF74812E37FA250096549E /* MeliProjectUITests */ = {
			isa = PBXNativeTarget;
			buildConfigurationList = 13EF74932E37FA250096549E /* Build configuration list for PBXNativeTarget "MeliProjectUITests" */;
			buildPhases = (
				13EF747E2E37FA250096549E /* Sources */,
				13EF747F2E37FA250096549E /* Frameworks */,
				13EF74802E37FA250096549E /* Resources */,
			);
			buildRules = (
			);
			dependencies = (
				13EF74842E37FA250096549E /* PBXTargetDependency */,
			);
			fileSystemSynchronizedGroups = (
				13EF74852E37FA250096549E /* MeliProjectUITests */,
			);
			name = MeliProjectUITests;
			packageProductDependencies = (
			);
			productName = MeliProjectUITests;
			productReference = 13EF74822E37FA250096549E /* MeliProjectUITests.xctest */;
			productType = "com.apple.product-type.bundle.ui-testing";
		};
/* End PBXNativeTarget section */

/* Begin PBXProject section */
		13EF74572E37FA210096549E /* Project object */ = {
			isa = PBXProject;
			attributes = {
				BuildIndependentTargetsInParallel = 1;
				LastSwiftUpdateCheck = 1640;
				LastUpgradeCheck = 1640;
				TargetAttributes = {
					13EF745E2E37FA210096549E = {
						CreatedOnToolsVersion = 16.4;
					};
					13EF74772E37FA250096549E = {
						CreatedOnToolsVersion = 16.4;
						TestTargetID = 13EF745E2E37FA210096549E;
					};
					13EF74812E37FA250096549E = {
						CreatedOnToolsVersion = 16.4;
						TestTargetID = 13EF745E2E37FA210096549E;
					};
				};
			};
			buildConfigurationList = 13EF745A2E37FA210096549E /* Build configuration list for PBXProject "MeliProject" */;
			developmentRegion = en;
			hasScannedForEncodings = 0;
			knownRegions = (
				en,
				Base,
			);
			mainGroup = 13EF74562E37FA210096549E;
			minimizedProjectReferenceProxies = 1;
			packageReferences = (
				13255F442E380A6300ED0E45 /* XCRemoteSwiftPackageReference "RxSwift" */,
				13255F492E380A7000ED0E45 /* XCRemoteSwiftPackageReference "SnapKit" */,
			);
			preferredProjectObjectVersion = 77;
			productRefGroup = 13EF74602E37FA210096549E /* Products */;
			projectDirPath = "";
			projectRoot = "";
			targets = (
				13EF745E2E37FA210096549E /* MeliProject */,
				13EF74772E37FA250096549E /* MeliProjectTests */,
				13EF74812E37FA250096549E /* MeliProjectUITests */,
			);
		};
/* End PBXProject section */

/* Begin PBXResourcesBuildPhase section */
		13EF745D2E37FA210096549E /* Resources */ = {
			isa = PBXResourcesBuildPhase;
			buildActionMask = 2147483647;
			files = (
			);
			runOnlyForDeploymentPostprocessing = 0;
		};
		13EF74762E37FA250096549E /* Resources */ = {
			isa = PBXResourcesBuildPhase;
			buildActionMask = 2147483647;
			files = (
			);
			runOnlyForDeploymentPostprocessing = 0;
		};
		13EF74802E37FA250096549E /* Resources */ = {
			isa = PBXResourcesBuildPhase;
			buildActionMask = 2147483647;
			files = (
			);
			runOnlyForDeploymentPostprocessing = 0;
		};
/* End PBXResourcesBuildPhase section */

/* Begin PBXSourcesBuildPhase section */
		13EF745B2E37FA210096549E /* Sources */ = {
			isa = PBXSourcesBuildPhase;
			buildActionMask = 2147483647;
			files = (
			);
			runOnlyForDeploymentPostprocessing = 0;
		};
		13EF74742E37FA250096549E /* Sources */ = {
			isa = PBXSourcesBuildPhase;
			buildActionMask = 2147483647;
			files = (
			);
			runOnlyForDeploymentPostprocessing = 0;
		};
		13EF747E2E37FA250096549E /* Sources */ = {
			isa = PBXSourcesBuildPhase;
			buildActionMask = 2147483647;
			files = (
			);
			runOnlyForDeploymentPostprocessing = 0;
		};
/* End PBXSourcesBuildPhase section */

/* Begin PBXTargetDependency section */
		13EF747A2E37FA250096549E /* PBXTargetDependency */ = {
			isa = PBXTargetDependency;
			target = 13EF745E2E37FA210096549E /* MeliProject */;
			targetProxy = 13EF74792E37FA250096549E /* PBXContainerItemProxy */;
		};
		13EF74842E37FA250096549E /* PBXTargetDependency */ = {
			isa = PBXTargetDependency;
			target = 13EF745E2E37FA210096549E /* MeliProject */;
			targetProxy = 13EF74832E37FA250096549E /* PBXContainerItemProxy */;
		};
/* End PBXTargetDependency section */

/* Begin XCBuildConfiguration section */
		13EF748C2E37FA250096549E /* Debug */ = {
			isa = XCBuildConfiguration;
			buildSettings = {
				ASSETCATALOG_COMPILER_APPICON_NAME = AppIcon;
				ASSETCATALOG_COMPILER_GLOBAL_ACCENT_COLOR_NAME = AccentColor;
				CODE_SIGN_STYLE = Automatic;
				CURRENT_PROJECT_VERSION = 1;
				DEVELOPMENT_TEAM = V8V28A4DX2;
				GENERATE_INFOPLIST_FILE = YES;
				INFOPLIST_FILE = MeliProject/Info.plist;
				INFOPLIST_KEY_UIApplicationSupportsIndirectInputEvents = YES;
				INFOPLIST_KEY_UILaunchStoryboardName = LaunchScreen;
				INFOPLIST_KEY_UISupportedInterfaceOrientations_iPad = "UIInterfaceOrientationPortrait UIInterfaceOrientationPortraitUpsideDown UIInterfaceOrientationLandscapeLeft UIInterfaceOrientationLandscapeRight";
				INFOPLIST_KEY_UISupportedInterfaceOrientations_iPhone = "UIInterfaceOrientationPortrait UIInterfaceOrientationLandscapeLeft UIInterfaceOrientationLandscapeRight";
				LD_RUNPATH_SEARCH_PATHS = (
					"$(inherited)",
					"@executable_path/Frameworks",
				);
				MARKETING_VERSION = 1.0;
				PRODUCT_BUNDLE_IDENTIFIER = beatriz.duque.MeliProject;
				PRODUCT_NAME = "$(TARGET_NAME)";
				SUPPORTED_PLATFORMS = "iphoneos iphonesimulator";
				SUPPORTS_MACCATALYST = NO;
				SUPPORTS_MAC_DESIGNED_FOR_IPHONE_IPAD = NO;
				SUPPORTS_XR_DESIGNED_FOR_IPHONE_IPAD = NO;
				SWIFT_EMIT_LOC_STRINGS = YES;
				SWIFT_VERSION = 5.0;
				TARGETED_DEVICE_FAMILY = "1,2";
			};
			name = Debug;
		};
		13EF748D2E37FA250096549E /* Release */ = {
			isa = XCBuildConfiguration;
			buildSettings = {
				ASSETCATALOG_COMPILER_APPICON_NAME = AppIcon;
				ASSETCATALOG_COMPILER_GLOBAL_ACCENT_COLOR_NAME = AccentColor;
				CODE_SIGN_STYLE = Automatic;
				CURRENT_PROJECT_VERSION = 1;
				DEVELOPMENT_TEAM = V8V28A4DX2;
				GENERATE_INFOPLIST_FILE = YES;
				INFOPLIST_FILE = MeliProject/Info.plist;
				INFOPLIST_KEY_UIApplicationSupportsIndirectInputEvents = YES;
				INFOPLIST_KEY_UILaunchStoryboardName = LaunchScreen;
				INFOPLIST_KEY_UISupportedInterfaceOrientations_iPad = "UIInterfaceOrientationPortrait UIInterfaceOrientationPortraitUpsideDown UIInterfaceOrientationLandscapeLeft UIInterfaceOrientationLandscapeRight";
				INFOPLIST_KEY_UISupportedInterfaceOrientations_iPhone = "UIInterfaceOrientationPortrait UIInterfaceOrientationLandscapeLeft UIInterfaceOrientationLandscapeRight";
				LD_RUNPATH_SEARCH_PATHS = (
					"$(inherited)",
					"@executable_path/Frameworks",
				);
				MARKETING_VERSION = 1.0;
				PRODUCT_BUNDLE_IDENTIFIER = beatriz.duque.MeliProject;
				PRODUCT_NAME = "$(TARGET_NAME)";
				SUPPORTED_PLATFORMS = "iphoneos iphonesimulator";
				SUPPORTS_MACCATALYST = NO;
				SUPPORTS_MAC_DESIGNED_FOR_IPHONE_IPAD = NO;
				SUPPORTS_XR_DESIGNED_FOR_IPHONE_IPAD = NO;
				SWIFT_EMIT_LOC_STRINGS = YES;
				SWIFT_VERSION = 5.0;
				TARGETED_DEVICE_FAMILY = "1,2";
			};
			name = Release;
		};
		13EF748E2E37FA250096549E /* Debug */ = {
			isa = XCBuildConfiguration;
			buildSettings = {
				ALWAYS_SEARCH_USER_PATHS = NO;
				ASSETCATALOG_COMPILER_GENERATE_SWIFT_ASSET_SYMBOL_EXTENSIONS = YES;
				CLANG_ANALYZER_NONNULL = YES;
				CLANG_ANALYZER_NUMBER_OBJECT_CONVERSION = YES_AGGRESSIVE;
				CLANG_CXX_LANGUAGE_STANDARD = "gnu++20";
				CLANG_ENABLE_MODULES = YES;
				CLANG_ENABLE_OBJC_ARC = YES;
				CLANG_ENABLE_OBJC_WEAK = YES;
				CLANG_WARN_BLOCK_CAPTURE_AUTORELEASING = YES;
				CLANG_WARN_BOOL_CONVERSION = YES;
				CLANG_WARN_COMMA = YES;
				CLANG_WARN_CONSTANT_CONVERSION = YES;
				CLANG_WARN_DEPRECATED_OBJC_IMPLEMENTATIONS = YES;
				CLANG_WARN_DIRECT_OBJC_ISA_USAGE = YES_ERROR;
				CLANG_WARN_DOCUMENTATION_COMMENTS = YES;
				CLANG_WARN_EMPTY_BODY = YES;
				CLANG_WARN_ENUM_CONVERSION = YES;
				CLANG_WARN_INFINITE_RECURSION = YES;
				CLANG_WARN_INT_CONVERSION = YES;
				CLANG_WARN_NON_LITERAL_NULL_CONVERSION = YES;
				CLANG_WARN_OBJC_IMPLICIT_RETAIN_SELF = YES;
				CLANG_WARN_OBJC_LITERAL_CONVERSION = YES;
				CLANG_WARN_OBJC_ROOT_CLASS = YES_ERROR;
				CLANG_WARN_QUOTED_INCLUDE_IN_FRAMEWORK_HEADER = YES;
				CLANG_WARN_RANGE_LOOP_ANALYSIS = YES;
				CLANG_WARN_STRICT_PROTOTYPES = YES;
				CLANG_WARN_SUSPICIOUS_MOVE = YES;
				CLANG_WARN_UNGUARDED_AVAILABILITY = YES_AGGRESSIVE;
				CLANG_WARN_UNREACHABLE_CODE = YES;
				CLANG_WARN__DUPLICATE_METHOD_MATCH = YES;
				COPY_PHASE_STRIP = NO;
				DEBUG_INFORMATION_FORMAT = dwarf;
				DEVELOPMENT_TEAM = V8V28A4DX2;
				ENABLE_STRICT_OBJC_MSGSEND = YES;
				ENABLE_TESTABILITY = YES;
				ENABLE_USER_SCRIPT_SANDBOXING = YES;
				GCC_C_LANGUAGE_STANDARD = gnu17;
				GCC_DYNAMIC_NO_PIC = NO;
				GCC_NO_COMMON_BLOCKS = YES;
				GCC_OPTIMIZATION_LEVEL = 0;
				GCC_PREPROCESSOR_DEFINITIONS = (
					"DEBUG=1",
					"$(inherited)",
				);
				GCC_WARN_64_TO_32_BIT_CONVERSION = YES;
				GCC_WARN_ABOUT_RETURN_TYPE = YES_ERROR;
				GCC_WARN_UNDECLARED_SELECTOR = YES;
				GCC_WARN_UNINITIALIZED_AUTOS = YES_AGGRESSIVE;
				GCC_WARN_UNUSED_FUNCTION = YES;
				GCC_WARN_UNUSED_VARIABLE = YES;
				IPHONEOS_DEPLOYMENT_TARGET = 18.5;
				LOCALIZATION_PREFERS_STRING_CATALOGS = YES;
				MTL_ENABLE_DEBUG_INFO = INCLUDE_SOURCE;
				MTL_FAST_MATH = YES;
				ONLY_ACTIVE_ARCH = YES;
				SDKROOT = iphoneos;
				SWIFT_ACTIVE_COMPILATION_CONDITIONS = "DEBUG $(inherited)";
				SWIFT_OPTIMIZATION_LEVEL = "-Onone";
			};
			name = Debug;
		};
		13EF748F2E37FA250096549E /* Release */ = {
			isa = XCBuildConfiguration;
			buildSettings = {
				ALWAYS_SEARCH_USER_PATHS = NO;
				ASSETCATALOG_COMPILER_GENERATE_SWIFT_ASSET_SYMBOL_EXTENSIONS = YES;
				CLANG_ANALYZER_NONNULL = YES;
				CLANG_ANALYZER_NUMBER_OBJECT_CONVERSION = YES_AGGRESSIVE;
				CLANG_CXX_LANGUAGE_STANDARD = "gnu++20";
				CLANG_ENABLE_MODULES = YES;
				CLANG_ENABLE_OBJC_ARC = YES;
				CLANG_ENABLE_OBJC_WEAK = YES;
				CLANG_WARN_BLOCK_CAPTURE_AUTORELEASING = YES;
				CLANG_WARN_BOOL_CONVERSION = YES;
				CLANG_WARN_COMMA = YES;
				CLANG_WARN_CONSTANT_CONVERSION = YES;
				CLANG_WARN_DEPRECATED_OBJC_IMPLEMENTATIONS = YES;
				CLANG_WARN_DIRECT_OBJC_ISA_USAGE = YES_ERROR;
				CLANG_WARN_DOCUMENTATION_COMMENTS = YES;
				CLANG_WARN_EMPTY_BODY = YES;
				CLANG_WARN_ENUM_CONVERSION = YES;
				CLANG_WARN_INFINITE_RECURSION = YES;
				CLANG_WARN_INT_CONVERSION = YES;
				CLANG_WARN_NON_LITERAL_NULL_CONVERSION = YES;
				CLANG_WARN_OBJC_IMPLICIT_RETAIN_SELF = YES;
				CLANG_WARN_OBJC_LITERAL_CONVERSION = YES;
				CLANG_WARN_OBJC_ROOT_CLASS = YES_ERROR;
				CLANG_WARN_QUOTED_INCLUDE_IN_FRAMEWORK_HEADER = YES;
				CLANG_WARN_RANGE_LOOP_ANALYSIS = YES;
				CLANG_WARN_STRICT_PROTOTYPES = YES;
				CLANG_WARN_SUSPICIOUS_MOVE = YES;
				CLANG_WARN_UNGUARDED_AVAILABILITY = YES_AGGRESSIVE;
				CLANG_WARN_UNREACHABLE_CODE = YES;
				CLANG_WARN__DUPLICATE_METHOD_MATCH = YES;
				COPY_PHASE_STRIP = NO;
				DEBUG_INFORMATION_FORMAT = "dwarf-with-dsym";
				DEVELOPMENT_TEAM = V8V28A4DX2;
				ENABLE_NS_ASSERTIONS = NO;
				ENABLE_STRICT_OBJC_MSGSEND = YES;
				ENABLE_USER_SCRIPT_SANDBOXING = YES;
				GCC_C_LANGUAGE_STANDARD = gnu17;
				GCC_NO_COMMON_BLOCKS = YES;
				GCC_WARN_64_TO_32_BIT_CONVERSION = YES;
				GCC_WARN_ABOUT_RETURN_TYPE = YES_ERROR;
				GCC_WARN_UNDECLARED_SELECTOR = YES;
				GCC_WARN_UNINITIALIZED_AUTOS = YES_AGGRESSIVE;
				GCC_WARN_UNUSED_FUNCTION = YES;
				GCC_WARN_UNUSED_VARIABLE = YES;
				IPHONEOS_DEPLOYMENT_TARGET = 18.5;
				LOCALIZATION_PREFERS_STRING_CATALOGS = YES;
				MTL_ENABLE_DEBUG_INFO = NO;
				MTL_FAST_MATH = YES;
				SDKROOT = iphoneos;
				SWIFT_COMPILATION_MODE = wholemodule;
				VALIDATE_PRODUCT = YES;
			};
			name = Release;
		};
		13EF74912E37FA250096549E /* Debug */ = {
			isa = XCBuildConfiguration;
			buildSettings = {
				BUNDLE_LOADER = "$(TEST_HOST)";
				CODE_SIGN_STYLE = Automatic;
				CURRENT_PROJECT_VERSION = 1;
				DEVELOPMENT_TEAM = V8V28A4DX2;
				GENERATE_INFOPLIST_FILE = YES;
				IPHONEOS_DEPLOYMENT_TARGET = 18.5;
				MARKETING_VERSION = 1.0;
				PRODUCT_BUNDLE_IDENTIFIER = beatriz.duque.MeliProjectTests;
				PRODUCT_NAME = "$(TARGET_NAME)";
				SWIFT_EMIT_LOC_STRINGS = NO;
				SWIFT_VERSION = 5.0;
				TARGETED_DEVICE_FAMILY = "1,2";
				TEST_HOST = "$(BUILT_PRODUCTS_DIR)/MeliProject.app/$(BUNDLE_EXECUTABLE_FOLDER_PATH)/MeliProject";
			};
			name = Debug;
		};
		13EF74922E37FA250096549E /* Release */ = {
			isa = XCBuildConfiguration;
			buildSettings = {
				BUNDLE_LOADER = "$(TEST_HOST)";
				CODE_SIGN_STYLE = Automatic;
				CURRENT_PROJECT_VERSION = 1;
				DEVELOPMENT_TEAM = V8V28A4DX2;
				GENERATE_INFOPLIST_FILE = YES;
				IPHONEOS_DEPLOYMENT_TARGET = 18.5;
				MARKETING_VERSION = 1.0;
				PRODUCT_BUNDLE_IDENTIFIER = beatriz.duque.MeliProjectTests;
				PRODUCT_NAME = "$(TARGET_NAME)";
				SWIFT_EMIT_LOC_STRINGS = NO;
				SWIFT_VERSION = 5.0;
				TARGETED_DEVICE_FAMILY = "1,2";
				TEST_HOST = "$(BUILT_PRODUCTS_DIR)/MeliProject.app/$(BUNDLE_EXECUTABLE_FOLDER_PATH)/MeliProject";
			};
			name = Release;
		};
		13EF74942E37FA250096549E /* Debug */ = {
			isa = XCBuildConfiguration;
			buildSettings = {
				CODE_SIGN_STYLE = Automatic;
				CURRENT_PROJECT_VERSION = 1;
				DEVELOPMENT_TEAM = V8V28A4DX2;
				GENERATE_INFOPLIST_FILE = YES;
				MARKETING_VERSION = 1.0;
				PRODUCT_BUNDLE_IDENTIFIER = beatriz.duque.MeliProjectUITests;
				PRODUCT_NAME = "$(TARGET_NAME)";
				SWIFT_EMIT_LOC_STRINGS = NO;
				SWIFT_VERSION = 5.0;
				TARGETED_DEVICE_FAMILY = "1,2";
				TEST_TARGET_NAME = MeliProject;
			};
			name = Debug;
		};
		13EF74952E37FA250096549E /* Release */ = {
			isa = XCBuildConfiguration;
			buildSettings = {
				CODE_SIGN_STYLE = Automatic;
				CURRENT_PROJECT_VERSION = 1;
				DEVELOPMENT_TEAM = V8V28A4DX2;
				GENERATE_INFOPLIST_FILE = YES;
				MARKETING_VERSION = 1.0;
				PRODUCT_BUNDLE_IDENTIFIER = beatriz.duque.MeliProjectUITests;
				PRODUCT_NAME = "$(TARGET_NAME)";
				SWIFT_EMIT_LOC_STRINGS = NO;
				SWIFT_VERSION = 5.0;
				TARGETED_DEVICE_FAMILY = "1,2";
				TEST_TARGET_NAME = MeliProject;
			};
			name = Release;
		};
/* End XCBuildConfiguration section */

/* Begin XCConfigurationList section */
		13EF745A2E37FA210096549E /* Build configuration list for PBXProject "MeliProject" */ = {
			isa = XCConfigurationList;
			buildConfigurations = (
				13EF748E2E37FA250096549E /* Debug */,
				13EF748F2E37FA250096549E /* Release */,
			);
			defaultConfigurationIsVisible = 0;
			defaultConfigurationName = Release;
		};
		13EF748B2E37FA250096549E /* Build configuration list for PBXNativeTarget "MeliProject" */ = {
			isa = XCConfigurationList;
			buildConfigurations = (
				13EF748C2E37FA250096549E /* Debug */,
				13EF748D2E37FA250096549E /* Release */,
			);
			defaultConfigurationIsVisible = 0;
			defaultConfigurationName = Release;
		};
		13EF74902E37FA250096549E /* Build configuration list for PBXNativeTarget "MeliProjectTests" */ = {
			isa = XCConfigurationList;
			buildConfigurations = (
				13EF74912E37FA250096549E /* Debug */,
				13EF74922E37FA250096549E /* Release */,
			);
			defaultConfigurationIsVisible = 0;
			defaultConfigurationName = Release;
		};
		13EF74932E37FA250096549E /* Build configuration list for PBXNativeTarget "MeliProjectUITests" */ = {
			isa = XCConfigurationList;
			buildConfigurations = (
				13EF74942E37FA250096549E /* Debug */,
				13EF74952E37FA250096549E /* Release */,
			);
			defaultConfigurationIsVisible = 0;
			defaultConfigurationName = Release;
		};
/* End XCConfigurationList section */

/* Begin XCRemoteSwiftPackageReference section */
		13255F442E380A6300ED0E45 /* XCRemoteSwiftPackageReference "RxSwift" */ = {
			isa = XCRemoteSwiftPackageReference;
			repositoryURL = "https://github.com/ReactiveX/RxSwift";
			requirement = {
				kind = upToNextMajorVersion;
				minimumVersion = 6.9.0;
			};
		};
		13255F492E380A7000ED0E45 /* XCRemoteSwiftPackageReference "SnapKit" */ = {
			isa = XCRemoteSwiftPackageReference;
			repositoryURL = "https://github.com/SnapKit/SnapKit";
			requirement = {
				kind = upToNextMajorVersion;
				minimumVersion = 5.7.1;
			};
		};
/* End XCRemoteSwiftPackageReference section */

/* Begin XCSwiftPackageProductDependency section */
		13255F452E380A6300ED0E45 /* RxCocoa */ = {
			isa = XCSwiftPackageProductDependency;
			package = 13255F442E380A6300ED0E45 /* XCRemoteSwiftPackageReference "RxSwift" */;
			productName = RxCocoa;
		};
		13255F472E380A6300ED0E45 /* RxSwift */ = {
			isa = XCSwiftPackageProductDependency;
			package = 13255F442E380A6300ED0E45 /* XCRemoteSwiftPackageReference "RxSwift" */;
			productName = RxSwift;
		};
		13255F4A2E380A7000ED0E45 /* SnapKit */ = {
			isa = XCSwiftPackageProductDependency;
			package = 13255F492E380A7000ED0E45 /* XCRemoteSwiftPackageReference "SnapKit" */;
			productName = SnapKit;
		};
/* End XCSwiftPackageProductDependency section */
	};
	rootObject = 13EF74572E37FA210096549E /* Project object */;
}
